
Microsoft Visual Studio Solution File, Format Version 12.00
# Visual Studio Version 17
VisualStudioVersion = 17.7.34018.315
MinimumVisualStudioVersion = 10.0.40219.1
Project("{FAE04EC0-301F-11D3-BF4B-00C04F79EFBC}") = "uppgigt5.1c", "uppgigt5.1c\uppgigt5.1c.csproj", "{2BFAFF31-663D-4806-8D09-C4ED0F0C69A7}"
EndProject
Global
	GlobalSection(SolutionConfigurationPlatforms) = preSolution
		Debug|Any CPU = Debug|Any CPU
		Release|Any CPU = Release|Any CPU
	EndGlobalSection
	GlobalSection(ProjectConfigurationPlatforms) = postSolution
		{2BFAFF31-663D-4806-8D09-C4ED0F0C69A7}.Debug|Any CPU.ActiveCfg = Debug|Any CPU
		{2BFAFF31-663D-4806-8D09-C4ED0F0C69A7}.Debug|Any CPU.Build.0 = Debug|Any CPU
		{2BFAFF31-663D-4806-8D09-C4ED0F0C69A7}.Release|Any CPU.ActiveCfg = Release|Any CPU
		{2BFAFF31-663D-4806-8D09-C4ED0F0C69A7}.Release|Any CPU.Build.0 = Release|Any CPU
	EndGlobalSection
	GlobalSection(SolutionProperties) = preSolution
		HideSolutionNode = FALSE
	EndGlobalSection
	GlobalSection(ExtensibilityGlobals) = postSolution
		SolutionGuid = {98D5C4FC-BD79-427E-9133-9E8D843C1433}
	EndGlobalSection
EndGlobal
